
Microsoft Visual Studio Solution File, Format Version 12.00
# Visual Studio Version 16
VisualStudioVersion = 16.0.30804.86
MinimumVisualStudioVersion = 10.0.40219.1
Project("{FAE04EC0-301F-11D3-BF4B-00C04F79EFBC}") = "AutoClikcOnColorByBenisz", "AutoClikcOnColorByBenisz\AutoClikcOnColorByBenisz.csproj", "{BDB4E043-A1E7-448B-8091-478BC3A9BFFD}"
EndProject
Global
	GlobalSection(SolutionConfigurationPlatforms) = preSolution
		Debug|Any CPU = Debug|Any CPU
		Release|Any CPU = Release|Any CPU
	EndGlobalSection
	GlobalSection(ProjectConfigurationPlatforms) = postSolution
		{BDB4E043-A1E7-448B-8091-478BC3A9BFFD}.Debug|Any CPU.ActiveCfg = Debug|Any CPU
		{BDB4E043-A1E7-448B-8091-478BC3A9BFFD}.Debug|Any CPU.Build.0 = Debug|Any CPU
		{BDB4E043-A1E7-448B-8091-478BC3A9BFFD}.Release|Any CPU.ActiveCfg = Release|Any CPU
		{BDB4E043-A1E7-448B-8091-478BC3A9BFFD}.Release|Any CPU.Build.0 = Release|Any CPU
	EndGlobalSection
	GlobalSection(SolutionProperties) = preSolution
		HideSolutionNode = FALSE
	EndGlobalSection
	GlobalSection(ExtensibilityGlobals) = postSolution
		SolutionGuid = {C8376DDE-F71E-4111-9D2E-DB21C68E7073}
	EndGlobalSection
EndGlobal
